
Microsoft Visual Studio Solution File, Format Version 12.00
# Visual Studio Version 17
VisualStudioVersion = 17.3.32825.248
MinimumVisualStudioVersion = 10.0.40219.1
Project("{9A19103F-16F7-4668-BE54-9A1E7A4F7556}") = "MTSTestTasks.First", "MTSTestTasks.First\MTSTestTasks.First.csproj", "{45878EE7-FEE4-454A-B71F-DFC6152C2906}"
EndProject
Project("{9A19103F-16F7-4668-BE54-9A1E7A4F7556}") = "MTSTestTasks.Second", "MTSTestTasks.Second\MTSTestTasks.Second.csproj", "{F80AAD65-9131-4E94-B4E0-8C8E980DD179}"
EndProject
Project("{FAE04EC0-301F-11D3-BF4B-00C04F79EFBC}") = "MTSTestTasks.Third", "MTSTestTasks.Third\MTSTestTasks.Third.csproj", "{6755F84F-912F-403B-8359-D410144B6B8B}"
EndProject
Global
	GlobalSection(SolutionConfigurationPlatforms) = preSolution
		Debug|Any CPU = Debug|Any CPU
		Release|Any CPU = Release|Any CPU
	EndGlobalSection
	GlobalSection(ProjectConfigurationPlatforms) = postSolution
		{45878EE7-FEE4-454A-B71F-DFC6152C2906}.Debug|Any CPU.ActiveCfg = Debug|Any CPU
		{45878EE7-FEE4-454A-B71F-DFC6152C2906}.Debug|Any CPU.Build.0 = Debug|Any CPU
		{45878EE7-FEE4-454A-B71F-DFC6152C2906}.Release|Any CPU.ActiveCfg = Release|Any CPU
		{45878EE7-FEE4-454A-B71F-DFC6152C2906}.Release|Any CPU.Build.0 = Release|Any CPU
		{F80AAD65-9131-4E94-B4E0-8C8E980DD179}.Debug|Any CPU.ActiveCfg = Debug|Any CPU
		{F80AAD65-9131-4E94-B4E0-8C8E980DD179}.Debug|Any CPU.Build.0 = Debug|Any CPU
		{F80AAD65-9131-4E94-B4E0-8C8E980DD179}.Release|Any CPU.ActiveCfg = Release|Any CPU
		{F80AAD65-9131-4E94-B4E0-8C8E980DD179}.Release|Any CPU.Build.0 = Release|Any CPU
		{6755F84F-912F-403B-8359-D410144B6B8B}.Debug|Any CPU.ActiveCfg = Debug|Any CPU
		{6755F84F-912F-403B-8359-D410144B6B8B}.Debug|Any CPU.Build.0 = Debug|Any CPU
		{6755F84F-912F-403B-8359-D410144B6B8B}.Release|Any CPU.ActiveCfg = Release|Any CPU
		{6755F84F-912F-403B-8359-D410144B6B8B}.Release|Any CPU.Build.0 = Release|Any CPU
	EndGlobalSection
	GlobalSection(SolutionProperties) = preSolution
		HideSolutionNode = FALSE
	EndGlobalSection
	GlobalSection(ExtensibilityGlobals) = postSolution
		SolutionGuid = {F36E2AFD-A7F9-42E7-90F5-17A9AA3ED2C4}
	EndGlobalSection
EndGlobal
